
Microsoft Visual Studio Solution File, Format Version 12.00
# Visual Studio Version 17
VisualStudioVersion = 17.13.35931.197 d17.13
MinimumVisualStudioVersion = 10.0.40219.1
Project("{FAE04EC0-301F-11D3-BF4B-00C04F79EFBC}") = "GameDataProject", "GameDataProject\GameDataProject.csproj", "{65D9372C-AF19-4253-B37E-3E22C62BB962}"
EndProject
Global
	GlobalSection(SolutionConfigurationPlatforms) = preSolution
		Debug|Any CPU = Debug|Any CPU
		Release|Any CPU = Release|Any CPU
	EndGlobalSection
	GlobalSection(ProjectConfigurationPlatforms) = postSolution
		{65D9372C-AF19-4253-B37E-3E22C62BB962}.Debug|Any CPU.ActiveCfg = Debug|Any CPU
		{65D9372C-AF19-4253-B37E-3E22C62BB962}.Debug|Any CPU.Build.0 = Debug|Any CPU
		{65D9372C-AF19-4253-B37E-3E22C62BB962}.Release|Any CPU.ActiveCfg = Release|Any CPU
		{65D9372C-AF19-4253-B37E-3E22C62BB962}.Release|Any CPU.Build.0 = Release|Any CPU
	EndGlobalSection
	GlobalSection(SolutionProperties) = preSolution
		HideSolutionNode = FALSE
	EndGlobalSection
	GlobalSection(ExtensibilityGlobals) = postSolution
		SolutionGuid = {15560A99-B291-4541-B1B9-842014420A22}
	EndGlobalSection
EndGlobal
